{"1.1.0",
[{<<"acceptor_pool">>,{pkg,<<"acceptor_pool">>,<<"1.0.0-rc.0">>},1},
 {<<"epmd">>,
  {git,"https://github.com/erlang/epmd",
       {ref,"4d1a595b9d5c32fc0e55f462da381de62de23bf0"}},
  0},
 {<<"goldrush">>,{pkg,<<"goldrush">>,<<"0.1.9">>},1},
 {<<"grisp">>,
  {git,"https://github.com/GrispLasp/grisp.git",
       {ref,"a3fd01e5e61dfb62e16b46127963bfdfd436c269"}},
  0},
 {<<"lager">>,
  {git,"https://github.com/erlang-lager/lager.git",
       {ref,"69b4ada2341b8ab2cf5c8e464ac936e5e4a9f62b"}},
  0},
 {<<"mapz">>,{pkg,<<"mapz">>,<<"0.3.0">>},1},
 {<<"partisan">>,
  {git,"https://github.com/lasp-lang/partisan.git",
       {ref,"0691aa69f55e1dadacc56e5c64e623e45987fd22"}},
  0},
 {<<"quickrand">>,{pkg,<<"quickrand">>,<<"1.7.4">>},2},
 {<<"rand_compat">>,{pkg,<<"rand_compat">>,<<"0.0.3">>},1},
 {<<"time_compat">>,{pkg,<<"time_compat">>,<<"0.0.1">>},1},
 {<<"types">>,{pkg,<<"types">>,<<"0.1.8">>},1},
 {<<"uuid">>,{pkg,<<"uuid_erl">>,<<"1.7.4">>},1}]}.
[
{pkg_hash,[
 {<<"acceptor_pool">>, <<"679D741DF87FC13599B1AEF2DF8F78F1F880449A6BEFAB7C44FB6FAE0E92A2DE">>},
 {<<"goldrush">>, <<"F06E5D5F1277DA5C413E84D5A2924174182FB108DABB39D5EC548B27424CD106">>},
 {<<"mapz">>, <<"438D24746CE5A252101E00B2032EFDF7FC69EB32689D3B805DE5E6DD7F52614F">>},
 {<<"quickrand">>, <<"F91F34469D6AC153B951BB34DD9C78029882426BD61E12B85E5EE465850C08ED">>},
 {<<"rand_compat">>, <<"011646BC1F0B0C432FE101B816F25B9BBB74A085713CEE1DAFD2D62E9415EAD3">>},
 {<<"time_compat">>, <<"23FE0AD1FDF3B5B88821B2D04B4B5E865BF587AE66056D671FE0F53514ED8139">>},
 {<<"types">>, <<"5782B67231E8C174FE2835395E71E669FE0121076779D2A09F1C0D58EE0E2F13">>},
 {<<"uuid">>, <<"4EC01367FEDFBAEEB9D9BC88B2D239D42CE5B53AD284741262F86B71EB82FBFA">>}]}
].
